# THIS IS AN AUTOGENERATED FILE. DO NOT EDIT THIS FILE DIRECTLY.
# yarn lockfile v1


"@artdeco/clean-stack@^1.1.1":
  version "1.1.1"
  resolved "https://registry.yarnpkg.com/@artdeco/clean-stack/-/clean-stack-1.1.1.tgz#0a68b9a061b5076ebaf948c150ea26d09c1e753f"
  integrity sha512-q5lO3vGUo0WgkSqzgzjL0HQdA9t2HzQqZISuVuQWMh9xqLuiLFP/ZTsxFc8vpMl7mNpGk7Mm0OeyFQ+Evrp0Cw==

"@depack/render@^1.3.2":
  version "1.3.2"
  resolved "https://registry.yarnpkg.com/@depack/render/-/render-1.3.2.tgz#c9a7d903744ea329c394a90269a3f9f39b0c53db"
  integrity sha512-MIUmrzZXHcVwTgE7b2ra7R4Z42zfcn4+vrgfEUK0ANe8JjpbPCFGAg1PAJjWLlrQE2ryF0C9r03EXQmAl7GoAQ==

"@externs/preact@^1.2.6":
  version "1.2.6"
  resolved "https://registry.yarnpkg.com/@externs/preact/-/preact-1.2.6.tgz#8b7e5383e5bf6e65926ea77db0b0b4ed70ed7007"
  integrity sha512-JpMPffLav+1ATP2PKe+B0eeqK2s8JcrjzBlDmqt1IstdJxyl72A3QgJdu2MjNlRISj3NioduYg9BbRv+2pPQvw==

"@idio/debug@^1.2.3":
  version "1.2.3"
  resolved "https://registry.yarnpkg.com/@idio/debug/-/debug-1.2.3.tgz#ff002ec176bf45782aca7f70adcdde650fcb2a04"
  integrity sha512-MalXJDXpDY7p8oNlKqQTmk6d5Q5WTeT18HqvySj4byU0BX2G7KX+IISUMH7uLdYv9y/usKU+uZO+5n2v41/kqw==

"@rqt/aqt@^1.3.0":
  version "1.3.0"
  resolved "https://registry.yarnpkg.com/@rqt/aqt/-/aqt-1.3.0.tgz#06472f50f85ab8e2a391db5b92c43ee726a8a844"
  integrity sha512-Ux0ygtQqaJE2bLuxw4J/mJpPyJGtLs1AdEdi/5FUG59CHwHiDWEsrldF4kxsJNFyWkWYT6Fe/zNTKnzv6KFREQ==

"@wrote/read@^1.0.4":
  version "1.0.4"
  resolved "https://registry.yarnpkg.com/@wrote/read/-/read-1.0.4.tgz#b7343b3bbfb1d1b9ed35ee87e8021730f13f5fcf"
  integrity sha512-wRvv11mvywo2UIeFhvJ7SCO30hvW0P6jMBo1cAlYQOFwbdbTZYZxHdb1zz3VMF8o74W3xQAuvS78DNmA47NumQ==
  dependencies:
    catchment "^3.3.0"

"@zoroaster/assert@^1.0.2":
  version "1.0.2"
  resolved "https://registry.yarnpkg.com/@zoroaster/assert/-/assert-1.0.2.tgz#8ffe2ebb10c81d570d4965080f942af688321a1f"
  integrity sha512-5C0LDzW8DkiSSCLyYO9ux3R5ru65yEn/GtxH1wh7ukRhLAZ/Svx4+A81YvciXcn35B2VmvCqyiTrhNdxdgusSw==

"@zoroaster/mask@^2.2.0":
  version "2.3.0"
  resolved "https://registry.yarnpkg.com/@zoroaster/mask/-/mask-2.3.0.tgz#57d169417e09e481efafccbffdd93cef919ec5e6"
  integrity sha512-fufal06pS/SYhOKHCmoFQ+PjhQwsCwMr2h0D2xeiVaXstaWHJVEiLg4+BU/KCmOOzLXLKikf81ca4zFXip7ScQ==

alamode@^3.0.0:
  version "3.0.0"
  resolved "https://registry.yarnpkg.com/alamode/-/alamode-3.0.0.tgz#d83b1939cdb823665b850f4ee1d2255be854d058"
  integrity sha512-rKxzjI4FG2dDrL13xGdvEUmLsaz3TUwm5/JwRzJ+5AhXs5pI/tGbsvmvJ9rHtkPTpMXfj4sf1RFZGmgbFIhBFg==

catchment@^1.0.0:
  version "1.0.0"
  resolved "https://registry.yarnpkg.com/catchment/-/catchment-1.0.0.tgz#3061f71be0102710be84328d2f94363a165f8c4b"
  integrity sha1-MGH3G+AQJxC+hDKNL5Q2OhZfjEs=

catchment@^3.3.0:
  version "3.3.0"
  resolved "https://registry.yarnpkg.com/catchment/-/catchment-3.3.0.tgz#e57eb70183d6a75ee71da0cb8ec2e76ac01317d2"
  integrity sha512-PACm54CBCUZv1uEOMyNiB6i0kkDMdDN0+VYXIQAaeZMDcjudyPccgpYLWQfGCwCW/Q9SOfD6MyBLmxL3qh7V3A==
  dependencies:
    "@artdeco/clean-stack" "^1.1.1"
    erotic "^2.1.0"

documentary@^1.32.2:
  version "1.32.2"
  resolved "https://registry.yarnpkg.com/documentary/-/documentary-1.32.2.tgz#4ee674dbab622bd64b6c625668e3680f43807330"
  integrity sha512-WvfCNlz585ryP4YF+Wac9wxv8VTi3ePR2q9RNvUmTNrE0ifz8jDmiQxgkv5KeieL8bf4XBn7dQYQ1O6eRkwUyA==
  dependencies:
    alamode "^3.0.0"
    preact "8.5.2"
    typal "^1.22.1"

erotic@^2.1.0:
  version "2.1.1"
  resolved "https://registry.yarnpkg.com/erotic/-/erotic-2.1.1.tgz#97f20c2d6e7fd2ec6f7996823009d3ac8ae7157f"
  integrity sha512-S1ns+uibigdXxxzqiO5VNZw3d0YNrVb4jZ7OUAklO4722/ytp+nta6txsUhYmnIEI0TF7jjXNjGvcmw0I/Rs7A==
  dependencies:
    "@artdeco/clean-stack" "^1.1.1"

erte@^1.2.0:
  version "1.2.0"
  resolved "https://registry.yarnpkg.com/erte/-/erte-1.2.0.tgz#8b7dbf6ad822d96f071947d20d5f440623f10769"
  integrity sha512-saxyNviRCvFENCyZ66O58cY8icaraVeQOgGks6ujsBeS7zf3yyjXrhyfMpERZo7SJH1KKdXcSQqgemxW6eIpjA==

eslint-config-artdeco@1.0.1:
  version "1.0.1"
  resolved "https://registry.yarnpkg.com/eslint-config-artdeco/-/eslint-config-artdeco-1.0.1.tgz#4451c9d0ed1ce4d33dfd43a6315f12c8bfb04274"
  integrity sha1-RFHJ0O0c5NM9/UOmMV8SyL+wQnQ=

mismatch@^1.2.0:
  version "1.2.0"
  resolved "https://registry.yarnpkg.com/mismatch/-/mismatch-1.2.0.tgz#3f5021861e8084e36a14c2c1f9489941cd18f790"
  integrity sha512-kuw1k8ZHS+12fBVAVOBXMBJBXcNGnByFTJIDzH4W4v84OocejZ/qzxmT4ll9CLX5OD23NXr+NvrQDus0BsQ8xw==

preact@8.5.2:
  version "8.5.2"
  resolved "https://registry.yarnpkg.com/preact/-/preact-8.5.2.tgz#2f532da485287c07369e08150cf4d23921a09789"
  integrity sha512-37tlDJGq5IQKqGUbqPZ7qPtsTOWFyxe+ojAOFfzKo0dEPreenqrqgJuS83zGpeGAqD9h9L9Yr7QuxH2W4ZrKxg==

restream@^3.7.4:
  version "3.7.4"
  resolved "https://registry.yarnpkg.com/restream/-/restream-3.7.4.tgz#e86c455f92ba65ce41d9e450ed54d065a130f89c"
  integrity sha512-heKiPfU5CLE/jTLcs53MyvE1jje/V/JViAD95LMY1p0XVDLyVcyM4iUo0iYUnuNUYTUxrJyKpXDTu7GKOr0pFA==
  dependencies:
    "@artdeco/clean-stack" "^1.1.1"
    catchment "^3.3.0"

rexml@^2.2.2:
  version "2.2.2"
  resolved "https://registry.yarnpkg.com/rexml/-/rexml-2.2.2.tgz#9d73e0a816c989ee5800cdfd56609528655d76e6"
  integrity sha512-JuSBXGCIqnBkAFbya4lvokaWspiquDdJTGzD+h58KNnSnmNC1QH9exvyD9l0ZyOZ44t5yUG5cXYJkpk3vhjPWA==
  dependencies:
    mismatch "^1.2.0"

spawncommand@1.1.0:
  version "1.1.0"
  resolved "https://registry.yarnpkg.com/spawncommand/-/spawncommand-1.1.0.tgz#80a56ed3c06ab3b91643cf3f6cef38bf582fdb15"
  integrity sha1-gKVu08Bqs7kWQ88/bO84v1gv2xU=
  dependencies:
    catchment "^1.0.0"

typal@^1.22.1:
  version "1.22.3"
  resolved "https://registry.yarnpkg.com/typal/-/typal-1.22.3.tgz#e5b3a38778ecff7d96ff6205d7b8a34f9b728f94"
  integrity sha512-4ZYAmGH7r906rHJGDvlsYGqHWYYC7sS1FJLYakUt/tJDyz5nvFakF26Kvl+1S5YL4yLvCcFcBbSz0J+RXrKu0Q==

typal@^1.22.6:
  version "1.22.6"
  resolved "https://registry.yarnpkg.com/typal/-/typal-1.22.6.tgz#c3162f5f19e91ad6d830375220e6552fcb4a0936"
  integrity sha512-N6tkgC/r7OXwH0/hEFNRH6S/7zPfMXJU45w78KGgy8JLbt3lAbWPd4NWUZjQt6o2id23P34KeHSmNR4ddI/zZQ==

yarn-s@1.1.0:
  version "1.1.0"
  resolved "https://registry.yarnpkg.com/yarn-s/-/yarn-s-1.1.0.tgz#8c65555d7c7ccb5a61e18440b8b0e4cb48b76b9d"
  integrity sha1-jGVVXXx8y1ph4YRAuLDky0i3a50=
  dependencies:
    spawncommand "1.1.0"

zoroaster@^4.1.2:
  version "4.1.2"
  resolved "https://registry.yarnpkg.com/zoroaster/-/zoroaster-4.1.2.tgz#89e033cdeebf75564713436bd7e72af926e800fb"
  integrity sha512-mE5RlV12h5bEZ4LBX0NsR5NEwNicLR6kdwXMijWD8vH+8JmbtXuC664ndzsw46lnhmn2VWlafyBi5k/MMCmftA==
  dependencies:
    "@zoroaster/assert" "^1.0.2"
    "@zoroaster/mask" "^2.2.0"
    alamode "^3.0.0"
